// !$*UTF8*$!
{
	archiveVersion = 1;
	classes = {
	};
	objectVersion = 46;
	objects = {

/* Begin PBXBuildFile section */
		1602815AA3DA3E0E319F33F0 /* Pods_QvikCloudinaryTests.framework in Frameworks */ = {isa = PBXBuildFile; fileRef = 55F8D2162B9557FF8D16EFA7 /* Pods_QvikCloudinaryTests.framework */; };
		4947DF591C9FE74D00FF7FFA /* QvikCloudinary.framework in Frameworks */ = {isa = PBXBuildFile; fileRef = 4947DF4E1C9FE74D00FF7FFA /* QvikCloudinary.framework */; };
		4947DF5E1C9FE74D00FF7FFA /* QvikCloudinaryTests.swift in Sources */ = {isa = PBXBuildFile; fileRef = 4947DF5D1C9FE74D00FF7FFA /* QvikCloudinaryTests.swift */; };
		4947DF691C9FE9B900FF7FFA /* CloudinaryService.swift in Sources */ = {isa = PBXBuildFile; fileRef = 4947DF681C9FE9B900FF7FFA /* CloudinaryService.swift */; };
		4947DF6B1C9FEA0E00FF7FFA /* QvikCloudinary.swift in Sources */ = {isa = PBXBuildFile; fileRef = 4947DF6A1C9FEA0E00FF7FFA /* QvikCloudinary.swift */; };
		4947DF6D1C9FEC1700FF7FFA /* Utils.swift in Sources */ = {isa = PBXBuildFile; fileRef = 4947DF6C1C9FEC1700FF7FFA /* Utils.swift */; };
		8AC4FE555D6D5AC02A3A97AA /* Pods_QvikCloudinary.framework in Frameworks */ = {isa = PBXBuildFile; fileRef = DD7AEA77188CDCEA890A6848 /* Pods_QvikCloudinary.framework */; };
/* End PBXBuildFile section */

/* Begin PBXContainerItemProxy section */
		4947DF5A1C9FE74D00FF7FFA /* PBXContainerItemProxy */ = {
			isa = PBXContainerItemProxy;
			containerPortal = 4947DF451C9FE74D00FF7FFA /* Project object */;
			proxyType = 1;
			remoteGlobalIDString = 4947DF4D1C9FE74D00FF7FFA;
			remoteInfo = QvikCloudinary;
		};
/* End PBXContainerItemProxy section */

/* Begin PBXFileReference section */
		04C7BEC301EF0BDFCDF1D466 /* Pods.framework */ = {isa = PBXFileReference; explicitFileType = wrapper.framework; includeInIndex = 0; path = Pods.framework; sourceTree = BUILT_PRODUCTS_DIR; };
		4947DF4E1C9FE74D00FF7FFA /* QvikCloudinary.framework */ = {isa = PBXFileReference; explicitFileType = wrapper.framework; includeInIndex = 0; path = QvikCloudinary.framework; sourceTree = BUILT_PRODUCTS_DIR; };
		4947DF531C9FE74D00FF7FFA /* Info.plist */ = {isa = PBXFileReference; lastKnownFileType = text.plist.xml; path = Info.plist; sourceTree = "<group>"; };
		4947DF581C9FE74D00FF7FFA /* QvikCloudinaryTests.xctest */ = {isa = PBXFileReference; explicitFileType = wrapper.cfbundle; includeInIndex = 0; path = QvikCloudinaryTests.xctest; sourceTree = BUILT_PRODUCTS_DIR; };
		4947DF5D1C9FE74D00FF7FFA /* QvikCloudinaryTests.swift */ = {isa = PBXFileReference; lastKnownFileType = sourcecode.swift; path = QvikCloudinaryTests.swift; sourceTree = "<group>"; };
		4947DF5F1C9FE74D00FF7FFA /* Info.plist */ = {isa = PBXFileReference; lastKnownFileType = text.plist.xml; path = Info.plist; sourceTree = "<group>"; };
		4947DF681C9FE9B900FF7FFA /* CloudinaryService.swift */ = {isa = PBXFileReference; fileEncoding = 4; lastKnownFileType = sourcecode.swift; path = CloudinaryService.swift; sourceTree = "<group>"; };
		4947DF6A1C9FEA0E00FF7FFA /* QvikCloudinary.swift */ = {isa = PBXFileReference; fileEncoding = 4; lastKnownFileType = sourcecode.swift; path = QvikCloudinary.swift; sourceTree = "<group>"; };
		4947DF6C1C9FEC1700FF7FFA /* Utils.swift */ = {isa = PBXFileReference; fileEncoding = 4; lastKnownFileType = sourcecode.swift; path = Utils.swift; sourceTree = "<group>"; };
		4947DF6E1CA00FC200FF7FFA /* QvikCloudinary.podspec */ = {isa = PBXFileReference; fileEncoding = 4; lastKnownFileType = text; path = QvikCloudinary.podspec; sourceTree = "<group>"; };
		4947DF6F1CA00FC200FF7FFA /* Podfile */ = {isa = PBXFileReference; fileEncoding = 4; lastKnownFileType = text; path = Podfile; sourceTree = "<group>"; xcLanguageSpecificationIdentifier = xcode.lang.ruby; };
		4947DF721CA01E3600FF7FFA /* README.md */ = {isa = PBXFileReference; fileEncoding = 4; lastKnownFileType = net.daringfireball.markdown; path = README.md; sourceTree = "<group>"; };
		55F8D2162B9557FF8D16EFA7 /* Pods_QvikCloudinaryTests.framework */ = {isa = PBXFileReference; explicitFileType = wrapper.framework; includeInIndex = 0; path = Pods_QvikCloudinaryTests.framework; sourceTree = BUILT_PRODUCTS_DIR; };
		A68C95850B53B28682E60857 /* Pods-QvikCloudinaryTests.release.xcconfig */ = {isa = PBXFileReference; includeInIndex = 1; lastKnownFileType = text.xcconfig; name = "Pods-QvikCloudinaryTests.release.xcconfig"; path = "Pods/Target Support Files/Pods-QvikCloudinaryTests/Pods-QvikCloudinaryTests.release.xcconfig"; sourceTree = "<group>"; };
		BC13A6E7DAE208356836F10F /* Pods-QvikCloudinaryTests.debug.xcconfig */ = {isa = PBXFileReference; includeInIndex = 1; lastKnownFileType = text.xcconfig; name = "Pods-QvikCloudinaryTests.debug.xcconfig"; path = "Pods/Target Support Files/Pods-QvikCloudinaryTests/Pods-QvikCloudinaryTests.debug.xcconfig"; sourceTree = "<group>"; };
		D28C1DCC67A7E58DE3F27369 /* Pods-QvikCloudinary.debug.xcconfig */ = {isa = PBXFileReference; includeInIndex = 1; lastKnownFileType = text.xcconfig; name = "Pods-QvikCloudinary.debug.xcconfig"; path = "Pods/Target Support Files/Pods-QvikCloudinary/Pods-QvikCloudinary.debug.xcconfig"; sourceTree = "<group>"; };
		DD7AEA77188CDCEA890A6848 /* Pods_QvikCloudinary.framework */ = {isa = PBXFileReference; explicitFileType = wrapper.framework; includeInIndex = 0; path = Pods_QvikCloudinary.framework; sourceTree = BUILT_PRODUCTS_DIR; };
		F0583D35880319512AB5E661 /* Pods-QvikCloudinary.release.xcconfig */ = {isa = PBXFileReference; includeInIndex = 1; lastKnownFileType = text.xcconfig; name = "Pods-QvikCloudinary.release.xcconfig"; path = "Pods/Target Support Files/Pods-QvikCloudinary/Pods-QvikCloudinary.release.xcconfig"; sourceTree = "<group>"; };
/* End PBXFileReference section */

/* Begin PBXFrameworksBuildPhase section */
		4947DF4A1C9FE74D00FF7FFA /* Frameworks */ = {
			isa = PBXFrameworksBuildPhase;
			buildActionMask = 2147483647;
			files = (
				8AC4FE555D6D5AC02A3A97AA /* Pods_QvikCloudinary.framework in Frameworks */,
			);
			runOnlyForDeploymentPostprocessing = 0;
		};
		4947DF551C9FE74D00FF7FFA /* Frameworks */ = {
			isa = PBXFrameworksBuildPhase;
			buildActionMask = 2147483647;
			files = (
				4947DF591C9FE74D00FF7FFA /* QvikCloudinary.framework in Frameworks */,
				1602815AA3DA3E0E319F33F0 /* Pods_QvikCloudinaryTests.framework in Frameworks */,
			);
			runOnlyForDeploymentPostprocessing = 0;
		};
/* End PBXFrameworksBuildPhase section */

/* Begin PBXGroup section */
		1B025362A21DE57BBCD94375 /* Frameworks */ = {
			isa = PBXGroup;
			children = (
				04C7BEC301EF0BDFCDF1D466 /* Pods.framework */,
				DD7AEA77188CDCEA890A6848 /* Pods_QvikCloudinary.framework */,
				55F8D2162B9557FF8D16EFA7 /* Pods_QvikCloudinaryTests.framework */,
			);
			name = Frameworks;
			sourceTree = "<group>";
		};
		4947DF441C9FE74D00FF7FFA = {
			isa = PBXGroup;
			children = (
				4947DF721CA01E3600FF7FFA /* README.md */,
				4947DF6E1CA00FC200FF7FFA /* QvikCloudinary.podspec */,
				4947DF6F1CA00FC200FF7FFA /* Podfile */,
				4947DF501C9FE74D00FF7FFA /* QvikCloudinary */,
				4947DF5C1C9FE74D00FF7FFA /* QvikCloudinaryTests */,
				4947DF4F1C9FE74D00FF7FFA /* Products */,
				1B025362A21DE57BBCD94375 /* Frameworks */,
				DC8001BEDA7AA911CC01E89E /* Pods */,
			);
			sourceTree = "<group>";
		};
		4947DF4F1C9FE74D00FF7FFA /* Products */ = {
			isa = PBXGroup;
			children = (
				4947DF4E1C9FE74D00FF7FFA /* QvikCloudinary.framework */,
				4947DF581C9FE74D00FF7FFA /* QvikCloudinaryTests.xctest */,
			);
			name = Products;
			sourceTree = "<group>";
		};
		4947DF501C9FE74D00FF7FFA /* QvikCloudinary */ = {
			isa = PBXGroup;
			children = (
				4947DF531C9FE74D00FF7FFA /* Info.plist */,
				4947DF681C9FE9B900FF7FFA /* CloudinaryService.swift */,
				4947DF6A1C9FEA0E00FF7FFA /* QvikCloudinary.swift */,
				4947DF6C1C9FEC1700FF7FFA /* Utils.swift */,
			);
			path = QvikCloudinary;
			sourceTree = "<group>";
		};
		4947DF5C1C9FE74D00FF7FFA /* QvikCloudinaryTests */ = {
			isa = PBXGroup;
			children = (
				4947DF5D1C9FE74D00FF7FFA /* QvikCloudinaryTests.swift */,
				4947DF5F1C9FE74D00FF7FFA /* Info.plist */,
			);
			path = QvikCloudinaryTests;
			sourceTree = "<group>";
		};
		DC8001BEDA7AA911CC01E89E /* Pods */ = {
			isa = PBXGroup;
			children = (
				D28C1DCC67A7E58DE3F27369 /* Pods-QvikCloudinary.debug.xcconfig */,
				F0583D35880319512AB5E661 /* Pods-QvikCloudinary.release.xcconfig */,
				BC13A6E7DAE208356836F10F /* Pods-QvikCloudinaryTests.debug.xcconfig */,
				A68C95850B53B28682E60857 /* Pods-QvikCloudinaryTests.release.xcconfig */,
			);
			name = Pods;
			sourceTree = "<group>";
		};
/* End PBXGroup section */

/* Begin PBXHeadersBuildPhase section */
		4947DF4B1C9FE74D00FF7FFA /* Headers */ = {
			isa = PBXHeadersBuildPhase;
			buildActionMask = 2147483647;
			files = (
			);
			runOnlyForDeploymentPostprocessing = 0;
		};
/* End PBXHeadersBuildPhase section */

/* Begin PBXNativeTarget section */
		4947DF4D1C9FE74D00FF7FFA /* QvikCloudinary */ = {
			isa = PBXNativeTarget;
			buildConfigurationList = 4947DF621C9FE74D00FF7FFA /* Build configuration list for PBXNativeTarget "QvikCloudinary" */;
			buildPhases = (
				466958C7285BA6045BF91676 /* [CP] Check Pods Manifest.lock */,
				4947DF491C9FE74D00FF7FFA /* Sources */,
				4947DF4A1C9FE74D00FF7FFA /* Frameworks */,
				4947DF4B1C9FE74D00FF7FFA /* Headers */,
				4947DF4C1C9FE74D00FF7FFA /* Resources */,
				28DD46F51B23C4054CE3E563 /* [CP] Copy Pods Resources */,
			);
			buildRules = (
			);
			dependencies = (
			);
			name = QvikCloudinary;
			productName = QvikCloudinary;
			productReference = 4947DF4E1C9FE74D00FF7FFA /* QvikCloudinary.framework */;
			productType = "com.apple.product-type.framework";
		};
		4947DF571C9FE74D00FF7FFA /* QvikCloudinaryTests */ = {
			isa = PBXNativeTarget;
			buildConfigurationList = 4947DF651C9FE74D00FF7FFA /* Build configuration list for PBXNativeTarget "QvikCloudinaryTests" */;
			buildPhases = (
				0B6D26B3F4BFC479AB66794F /* [CP] Check Pods Manifest.lock */,
				4947DF541C9FE74D00FF7FFA /* Sources */,
				4947DF551C9FE74D00FF7FFA /* Frameworks */,
				4947DF561C9FE74D00FF7FFA /* Resources */,
				06F352A4DD0043C8801C46A2 /* [CP] Embed Pods Frameworks */,
				1000498D64A01A9B20090C10 /* [CP] Copy Pods Resources */,
			);
			buildRules = (
			);
			dependencies = (
				4947DF5B1C9FE74D00FF7FFA /* PBXTargetDependency */,
			);
			name = QvikCloudinaryTests;
			productName = QvikCloudinaryTests;
			productReference = 4947DF581C9FE74D00FF7FFA /* QvikCloudinaryTests.xctest */;
			productType = "com.apple.product-type.bundle.unit-test";
		};
/* End PBXNativeTarget section */

/* Begin PBXProject section */
		4947DF451C9FE74D00FF7FFA /* Project object */ = {
			isa = PBXProject;
			attributes = {
				LastSwiftUpdateCheck = 0720;
				LastUpgradeCheck = 0900;
				ORGANIZATIONNAME = Qvik;
				TargetAttributes = {
					4947DF4D1C9FE74D00FF7FFA = {
						CreatedOnToolsVersion = 7.2.1;
						DevelopmentTeam = 2RLYKMD3U8;
						LastSwiftMigration = 0800;
					};
					4947DF571C9FE74D00FF7FFA = {
						CreatedOnToolsVersion = 7.2.1;
						DevelopmentTeam = 2RLYKMD3U8;
						LastSwiftMigration = 0800;
					};
				};
			};
			buildConfigurationList = 4947DF481C9FE74D00FF7FFA /* Build configuration list for PBXProject "QvikCloudinary" */;
			compatibilityVersion = "Xcode 3.2";
			developmentRegion = English;
			hasScannedForEncodings = 0;
			knownRegions = (
				en,
			);
			mainGroup = 4947DF441C9FE74D00FF7FFA;
			productRefGroup = 4947DF4F1C9FE74D00FF7FFA /* Products */;
			projectDirPath = "";
			projectRoot = "";
			targets = (
				4947DF4D1C9FE74D00FF7FFA /* QvikCloudinary */,
				4947DF571C9FE74D00FF7FFA /* QvikCloudinaryTests */,
			);
		};
/* End PBXProject section */

/* Begin PBXResourcesBuildPhase section */
		4947DF4C1C9FE74D00FF7FFA /* Resources */ = {
			isa = PBXResourcesBuildPhase;
			buildActionMask = 2147483647;
			files = (
			);
			runOnlyForDeploymentPostprocessing = 0;
		};
		4947DF561C9FE74D00FF7FFA /* Resources */ = {
			isa = PBXResourcesBuildPhase;
			buildActionMask = 2147483647;
			files = (
			);
			runOnlyForDeploymentPostprocessing = 0;
		};
/* End PBXResourcesBuildPhase section */

/* Begin PBXShellScriptBuildPhase section */
		06F352A4DD0043C8801C46A2 /* [CP] Embed Pods Frameworks */ = {
			isa = PBXShellScriptBuildPhase;
			buildActionMask = 2147483647;
			files = (
			);
			inputPaths = (
				"${SRCROOT}/Pods/Target Support Files/Pods-QvikCloudinaryTests/Pods-QvikCloudinaryTests-frameworks.sh",
				"${BUILT_PRODUCTS_DIR}/Cloudinary/Cloudinary.framework",
				"${BUILT_PRODUCTS_DIR}/ObjcExceptionBridging/ObjcExceptionBridging.framework",
				"${BUILT_PRODUCTS_DIR}/QvikSwift/QvikSwift.framework",
				"${BUILT_PRODUCTS_DIR}/XCGLogger/XCGLogger.framework",
			);
			name = "[CP] Embed Pods Frameworks";
			outputPaths = (
				"${TARGET_BUILD_DIR}/${FRAMEWORKS_FOLDER_PATH}/Cloudinary.framework",
				"${TARGET_BUILD_DIR}/${FRAMEWORKS_FOLDER_PATH}/ObjcExceptionBridging.framework",
				"${TARGET_BUILD_DIR}/${FRAMEWORKS_FOLDER_PATH}/QvikSwift.framework",
				"${TARGET_BUILD_DIR}/${FRAMEWORKS_FOLDER_PATH}/XCGLogger.framework",
			);
			runOnlyForDeploymentPostprocessing = 0;
			shellPath = /bin/sh;
			shellScript = "\"${SRCROOT}/Pods/Target Support Files/Pods-QvikCloudinaryTests/Pods-QvikCloudinaryTests-frameworks.sh\"\n";
			showEnvVarsInLog = 0;
		};
		0B6D26B3F4BFC479AB66794F /* [CP] Check Pods Manifest.lock */ = {
			isa = PBXShellScriptBuildPhase;
			buildActionMask = 2147483647;
			files = (
			);
			inputPaths = (
				"${PODS_PODFILE_DIR_PATH}/Podfile.lock",
				"${PODS_ROOT}/Manifest.lock",
			);
			name = "[CP] Check Pods Manifest.lock";
			outputPaths = (
				"$(DERIVED_FILE_DIR)/Pods-QvikCloudinaryTests-checkManifestLockResult.txt",
			);
			runOnlyForDeploymentPostprocessing = 0;
			shellPath = /bin/sh;
			shellScript = "diff \"${PODS_PODFILE_DIR_PATH}/Podfile.lock\" \"${PODS_ROOT}/Manifest.lock\" > /dev/null\nif [ $? != 0 ] ; then\n    # print error to STDERR\n    echo \"error: The sandbox is not in sync with the Podfile.lock. Run 'pod install' or update your CocoaPods installation.\" >&2\n    exit 1\nfi\n# This output is used by Xcode 'outputs' to avoid re-running this script phase.\necho \"SUCCESS\" > \"${SCRIPT_OUTPUT_FILE_0}\"\n";
			showEnvVarsInLog = 0;
		};
		1000498D64A01A9B20090C10 /* [CP] Copy Pods Resources */ = {
			isa = PBXShellScriptBuildPhase;
			buildActionMask = 2147483647;
			files = (
			);
			inputPaths = (
			);
			name = "[CP] Copy Pods Resources";
			outputPaths = (
			);
			runOnlyForDeploymentPostprocessing = 0;
			shellPath = /bin/sh;
			shellScript = "\"${SRCROOT}/Pods/Target Support Files/Pods-QvikCloudinaryTests/Pods-QvikCloudinaryTests-resources.sh\"\n";
			showEnvVarsInLog = 0;
		};
		28DD46F51B23C4054CE3E563 /* [CP] Copy Pods Resources */ = {
			isa = PBXShellScriptBuildPhase;
			buildActionMask = 2147483647;
			files = (
			);
			inputPaths = (
			);
			name = "[CP] Copy Pods Resources";
			outputPaths = (
			);
			runOnlyForDeploymentPostprocessing = 0;
			shellPath = /bin/sh;
			shellScript = "\"${SRCROOT}/Pods/Target Support Files/Pods-QvikCloudinary/Pods-QvikCloudinary-resources.sh\"\n";
			showEnvVarsInLog = 0;
		};
		466958C7285BA6045BF91676 /* [CP] Check Pods Manifest.lock */ = {
			isa = PBXShellScriptBuildPhase;
			buildActionMask = 2147483647;
			files = (
			);
			inputPaths = (
				"${PODS_PODFILE_DIR_PATH}/Podfile.lock",
				"${PODS_ROOT}/Manifest.lock",
			);
			name = "[CP] Check Pods Manifest.lock";
			outputPaths = (
				"$(DERIVED_FILE_DIR)/Pods-QvikCloudinary-checkManifestLockResult.txt",
			);
			runOnlyForDeploymentPostprocessing = 0;
			shellPath = /bin/sh;
			shellScript = "diff \"${PODS_PODFILE_DIR_PATH}/Podfile.lock\" \"${PODS_ROOT}/Manifest.lock\" > /dev/null\nif [ $? != 0 ] ; then\n    # print error to STDERR\n    echo \"error: The sandbox is not in sync with the Podfile.lock. Run 'pod install' or update your CocoaPods installation.\" >&2\n    exit 1\nfi\n# This output is used by Xcode 'outputs' to avoid re-running this script phase.\necho \"SUCCESS\" > \"${SCRIPT_OUTPUT_FILE_0}\"\n";
			showEnvVarsInLog = 0;
		};
/* End PBXShellScriptBuildPhase section */

/* Begin PBXSourcesBuildPhase section */
		4947DF491C9FE74D00FF7FFA /* Sources */ = {
			isa = PBXSourcesBuildPhase;
			buildActionMask = 2147483647;
			files = (
				4947DF6B1C9FEA0E00FF7FFA /* QvikCloudinary.swift in Sources */,
				4947DF691C9FE9B900FF7FFA /* CloudinaryService.swift in Sources */,
				4947DF6D1C9FEC1700FF7FFA /* Utils.swift in Sources */,
			);
			runOnlyForDeploymentPostprocessing = 0;
		};
		4947DF541C9FE74D00FF7FFA /* Sources */ = {
			isa = PBXSourcesBuildPhase;
			buildActionMask = 2147483647;
			files = (
				4947DF5E1C9FE74D00FF7FFA /* QvikCloudinaryTests.swift in Sources */,
			);
			runOnlyForDeploymentPostprocessing = 0;
		};
/* End PBXSourcesBuildPhase section */

/* Begin PBXTargetDependency section */
		4947DF5B1C9FE74D00FF7FFA /* PBXTargetDependency */ = {
			isa = PBXTargetDependency;
			target = 4947DF4D1C9FE74D00FF7FFA /* QvikCloudinary */;
			targetProxy = 4947DF5A1C9FE74D00FF7FFA /* PBXContainerItemProxy */;
		};
/* End PBXTargetDependency section */

/* Begin XCBuildConfiguration section */
		4947DF601C9FE74D00FF7FFA /* Debug */ = {
			isa = XCBuildConfiguration;
			buildSettings = {
				ALWAYS_SEARCH_USER_PATHS = NO;
				CLANG_CXX_LANGUAGE_STANDARD = "gnu++0x";
				CLANG_CXX_LIBRARY = "libc++";
				CLANG_ENABLE_MODULES = YES;
				CLANG_ENABLE_OBJC_ARC = YES;
				CLANG_WARN_BLOCK_CAPTURE_AUTORELEASING = YES;
				CLANG_WARN_BOOL_CONVERSION = YES;
				CLANG_WARN_COMMA = YES;
				CLANG_WARN_CONSTANT_CONVERSION = YES;
				CLANG_WARN_DIRECT_OBJC_ISA_USAGE = YES_ERROR;
				CLANG_WARN_EMPTY_BODY = YES;
				CLANG_WARN_ENUM_CONVERSION = YES;
				CLANG_WARN_INFINITE_RECURSION = YES;
				CLANG_WARN_INT_CONVERSION = YES;
				CLANG_WARN_NON_LITERAL_NULL_CONVERSION = YES;
				CLANG_WARN_OBJC_LITERAL_CONVERSION = YES;
				CLANG_WARN_OBJC_ROOT_CLASS = YES_ERROR;
				CLANG_WARN_RANGE_LOOP_ANALYSIS = YES;
				CLANG_WARN_STRICT_PROTOTYPES = YES;
				CLANG_WARN_SUSPICIOUS_MOVE = YES;
				CLANG_WARN_UNREACHABLE_CODE = YES;
				CLANG_WARN__DUPLICATE_METHOD_MATCH = YES;
				"CODE_SIGN_IDENTITY[sdk=iphoneos*]" = "iPhone Developer";
				COPY_PHASE_STRIP = NO;
				CURRENT_PROJECT_VERSION = 1;
				DEBUG_INFORMATION_FORMAT = dwarf;
				ENABLE_STRICT_OBJC_MSGSEND = YES;
				ENABLE_TESTABILITY = YES;
				GCC_C_LANGUAGE_STANDARD = gnu99;
				GCC_DYNAMIC_NO_PIC = NO;
				GCC_NO_COMMON_BLOCKS = YES;
				GCC_OPTIMIZATION_LEVEL = 0;
				GCC_PREPROCESSOR_DEFINITIONS = (
					"DEBUG=1",
					"$(inherited)",
				);
				GCC_WARN_64_TO_32_BIT_CONVERSION = YES;
				GCC_WARN_ABOUT_RETURN_TYPE = YES_ERROR;
				GCC_WARN_UNDECLARED_SELECTOR = YES;
				GCC_WARN_UNINITIALIZED_AUTOS = YES_AGGRESSIVE;
				GCC_WARN_UNUSED_FUNCTION = YES;
				GCC_WARN_UNUSED_VARIABLE = YES;
				IPHONEOS_DEPLOYMENT_TARGET = 9.2;
				MTL_ENABLE_DEBUG_INFO = YES;
				ONLY_ACTIVE_ARCH = YES;
				SDKROOT = iphoneos;
				SWIFT_OPTIMIZATION_LEVEL = "-Onone";
				SWIFT_VERSION = 4.0;
				TARGETED_DEVICE_FAMILY = "1,2";
				VERSIONING_SYSTEM = "apple-generic";
				VERSION_INFO_PREFIX = "";
			};
			name = Debug;
		};
		4947DF611C9FE74D00FF7FFA /* Release */ = {
			isa = XCBuildConfiguration;
			buildSettings = {
				ALWAYS_SEARCH_USER_PATHS = NO;
				CLANG_CXX_LANGUAGE_STANDARD = "gnu++0x";
				CLANG_CXX_LIBRARY = "libc++";
				CLANG_ENABLE_MODULES = YES;
				CLANG_ENABLE_OBJC_ARC = YES;
				CLANG_WARN_BLOCK_CAPTURE_AUTORELEASING = YES;
				CLANG_WARN_BOOL_CONVERSION = YES;
				CLANG_WARN_COMMA = YES;
				CLANG_WARN_CONSTANT_CONVERSION = YES;
				CLANG_WARN_DIRECT_OBJC_ISA_USAGE = YES_ERROR;
				CLANG_WARN_EMPTY_BODY = YES;
				CLANG_WARN_ENUM_CONVERSION = YES;
				CLANG_WARN_INFINITE_RECURSION = YES;
				CLANG_WARN_INT_CONVERSION = YES;
				CLANG_WARN_NON_LITERAL_NULL_CONVERSION = YES;
				CLANG_WARN_OBJC_LITERAL_CONVERSION = YES;
				CLANG_WARN_OBJC_ROOT_CLASS = YES_ERROR;
				CLANG_WARN_RANGE_LOOP_ANALYSIS = YES;
				CLANG_WARN_STRICT_PROTOTYPES = YES;
				CLANG_WARN_SUSPICIOUS_MOVE = YES;
				CLANG_WARN_UNREACHABLE_CODE = YES;
				CLANG_WARN__DUPLICATE_METHOD_MATCH = YES;
				"CODE_SIGN_IDENTITY[sdk=iphoneos*]" = "iPhone Developer";
				COPY_PHASE_STRIP = NO;
				CURRENT_PROJECT_VERSION = 1;
				DEBUG_INFORMATION_FORMAT = "dwarf-with-dsym";
				ENABLE_NS_ASSERTIONS = NO;
				ENABLE_STRICT_OBJC_MSGSEND = YES;
				GCC_C_LANGUAGE_STANDARD = gnu99;
				GCC_NO_COMMON_BLOCKS = YES;
				GCC_WARN_64_TO_32_BIT_CONVERSION = YES;
				GCC_WARN_ABOUT_RETURN_TYPE = YES_ERROR;
				GCC_WARN_UNDECLARED_SELECTOR = YES;
				GCC_WARN_UNINITIALIZED_AUTOS = YES_AGGRESSIVE;
				GCC_WARN_UNUSED_FUNCTION = YES;
				GCC_WARN_UNUSED_VARIABLE = YES;
				IPHONEOS_DEPLOYMENT_TARGET = 9.2;
				MTL_ENABLE_DEBUG_INFO = NO;
				SDKROOT = iphoneos;
				SWIFT_OPTIMIZATION_LEVEL = "-Owholemodule";
				SWIFT_VERSION = 4.0;
				TARGETED_DEVICE_FAMILY = "1,2";
				VALIDATE_PRODUCT = YES;
				VERSIONING_SYSTEM = "apple-generic";
				VERSION_INFO_PREFIX = "";
			};
			name = Release;
		};
		4947DF631C9FE74D00FF7FFA /* Debug */ = {
			isa = XCBuildConfiguration;
			baseConfigurationReference = D28C1DCC67A7E58DE3F27369 /* Pods-QvikCloudinary.debug.xcconfig */;
			buildSettings = {
				CLANG_ENABLE_MODULES = YES;
				"CODE_SIGN_IDENTITY[sdk=iphoneos*]" = "";
				DEFINES_MODULE = YES;
				DEVELOPMENT_TEAM = 2RLYKMD3U8;
				DYLIB_COMPATIBILITY_VERSION = 1;
				DYLIB_CURRENT_VERSION = 1;
				DYLIB_INSTALL_NAME_BASE = "@rpath";
				INFOPLIST_FILE = QvikCloudinary/Info.plist;
				INSTALL_PATH = "$(LOCAL_LIBRARY_DIR)/Frameworks";
				LD_RUNPATH_SEARCH_PATHS = "$(inherited) @executable_path/Frameworks @loader_path/Frameworks";
				PRODUCT_BUNDLE_IDENTIFIER = fi.qvik.QvikCloudinary;
				PRODUCT_NAME = "$(TARGET_NAME)";
				SKIP_INSTALL = YES;
				SWIFT_OPTIMIZATION_LEVEL = "-Onone";
				SWIFT_VERSION = 4.0;
			};
			name = Debug;
		};
		4947DF641C9FE74D00FF7FFA /* Release */ = {
			isa = XCBuildConfiguration;
			baseConfigurationReference = F0583D35880319512AB5E661 /* Pods-QvikCloudinary.release.xcconfig */;
			buildSettings = {
				CLANG_ENABLE_MODULES = YES;
				"CODE_SIGN_IDENTITY[sdk=iphoneos*]" = "";
				DEFINES_MODULE = YES;
				DEVELOPMENT_TEAM = 2RLYKMD3U8;
				DYLIB_COMPATIBILITY_VERSION = 1;
				DYLIB_CURRENT_VERSION = 1;
				DYLIB_INSTALL_NAME_BASE = "@rpath";
				INFOPLIST_FILE = QvikCloudinary/Info.plist;
				INSTALL_PATH = "$(LOCAL_LIBRARY_DIR)/Frameworks";
				LD_RUNPATH_SEARCH_PATHS = "$(inherited) @executable_path/Frameworks @loader_path/Frameworks";
				PRODUCT_BUNDLE_IDENTIFIER = fi.qvik.QvikCloudinary;
				PRODUCT_NAME = "$(TARGET_NAME)";
				SKIP_INSTALL = YES;
				SWIFT_VERSION = 4.0;
			};
			name = Release;
		};
		4947DF661C9FE74D00FF7FFA /* Debug */ = {
			isa = XCBuildConfiguration;
			baseConfigurationReference = BC13A6E7DAE208356836F10F /* Pods-QvikCloudinaryTests.debug.xcconfig */;
			buildSettings = {
				ALWAYS_EMBED_SWIFT_STANDARD_LIBRARIES = YES;
				DEVELOPMENT_TEAM = 2RLYKMD3U8;
				INFOPLIST_FILE = QvikCloudinaryTests/Info.plist;
				LD_RUNPATH_SEARCH_PATHS = "$(inherited) @executable_path/Frameworks @loader_path/Frameworks";
				PRODUCT_BUNDLE_IDENTIFIER = fi.qvik.QvikCloudinaryTests;
				PRODUCT_NAME = "$(TARGET_NAME)";
				SWIFT_VERSION = 4.0;
			};
			name = Debug;
		};
		4947DF671C9FE74D00FF7FFA /* Release */ = {
			isa = XCBuildConfiguration;
			baseConfigurationReference = A68C95850B53B28682E60857 /* Pods-QvikCloudinaryTests.release.xcconfig */;
			buildSettings = {
				ALWAYS_EMBED_SWIFT_STANDARD_LIBRARIES = YES;
				DEVELOPMENT_TEAM = 2RLYKMD3U8;
				INFOPLIST_FILE = QvikCloudinaryTests/Info.plist;
				LD_RUNPATH_SEARCH_PATHS = "$(inherited) @executable_path/Frameworks @loader_path/Frameworks";
				PRODUCT_BUNDLE_IDENTIFIER = fi.qvik.QvikCloudinaryTests;
				PRODUCT_NAME = "$(TARGET_NAME)";
				SWIFT_VERSION = 4.0;
			};
			name = Release;
		};
/* End XCBuildConfiguration section */

/* Begin XCConfigurationList section */
		4947DF481C9FE74D00FF7FFA /* Build configuration list for PBXProject "QvikCloudinary" */ = {
			isa = XCConfigurationList;
			buildConfigurations = (
				4947DF601C9FE74D00FF7FFA /* Debug */,
				4947DF611C9FE74D00FF7FFA /* Release */,
			);
			defaultConfigurationIsVisible = 0;
			defaultConfigurationName = Release;
		};
		4947DF621C9FE74D00FF7FFA /* Build configuration list for PBXNativeTarget "QvikCloudinary" */ = {
			isa = XCConfigurationList;
			buildConfigurations = (
				4947DF631C9FE74D00FF7FFA /* Debug */,
				4947DF641C9FE74D00FF7FFA /* Release */,
			);
			defaultConfigurationIsVisible = 0;
			defaultConfigurationName = Release;
		};
		4947DF651C9FE74D00FF7FFA /* Build configuration list for PBXNativeTarget "QvikCloudinaryTests" */ = {
			isa = XCConfigurationList;
			buildConfigurations = (
				4947DF661C9FE74D00FF7FFA /* Debug */,
				4947DF671C9FE74D00FF7FFA /* Release */,
			);
			defaultConfigurationIsVisible = 0;
			defaultConfigurationName = Release;
		};
/* End XCConfigurationList section */
	};
	rootObject = 4947DF451C9FE74D00FF7FFA /* Project object */;
}
